
Microsoft Visual Studio Solution File, Format Version 11.00
# Visual C# Express 2010
Project("{FAE04EC0-301F-11D3-BF4B-00C04F79EFBC}") = "TowerDefenseIA", "TowerDefenseIA\TowerDefenseIA\TowerDefenseIA.csproj", "{39612A71-F871-4C43-A8B5-16F6E29A473A}"
EndProject
Project("{96E2B04D-8817-42C6-938A-82C39BA4D311}") = "TowerDefenseIAContent", "TowerDefenseIA\TowerDefenseIAContent\TowerDefenseIAContent.contentproj", "{0BFCAA2B-AD66-4815-BA3D-6B8480C0632B}"
EndProject
Global
	GlobalSection(SolutionConfigurationPlatforms) = preSolution
		Debug|x86 = Debug|x86
		Release|x86 = Release|x86
	EndGlobalSection
	GlobalSection(ProjectConfigurationPlatforms) = postSolution
		{39612A71-F871-4C43-A8B5-16F6E29A473A}.Debug|x86.ActiveCfg = Debug|x86
		{39612A71-F871-4C43-A8B5-16F6E29A473A}.Debug|x86.Build.0 = Debug|x86
		{39612A71-F871-4C43-A8B5-16F6E29A473A}.Release|x86.ActiveCfg = Release|x86
		{39612A71-F871-4C43-A8B5-16F6E29A473A}.Release|x86.Build.0 = Release|x86
		{0BFCAA2B-AD66-4815-BA3D-6B8480C0632B}.Debug|x86.ActiveCfg = Debug|x86
		{0BFCAA2B-AD66-4815-BA3D-6B8480C0632B}.Release|x86.ActiveCfg = Release|x86
	EndGlobalSection
	GlobalSection(SolutionProperties) = preSolution
		HideSolutionNode = FALSE
	EndGlobalSection
EndGlobal
