
Microsoft Visual Studio Solution File, Format Version 11.00
# Visual C# Express 2010
Project("{FAE04EC0-301F-11D3-BF4B-00C04F79EFBC}") = "TowerDefenseIA", "TowerDefenseIA\TowerDefenseIA\TowerDefenseIA.csproj", "{39612A71-F871-4C43-A8B5-16F6E29A473A}"
EndProject
Project("{FAE04EC0-301F-11D3-BF4B-00C04F79EFBC}") = "TowerDefenseIAContent", "TowerDefenseIA\TowerDefenseIAContent\TowerDefenseIAContent.contentproj", "{0BFCAA2B-AD66-4815-BA3D-6B8480C0632B}"
EndProject
Project("{FAE04EC0-301F-11D3-BF4B-00C04F79EFBC}") = "SkinnedModelPipeline", "SkinnedModelPipeline\SkinnedModelPipeline.csproj", "{4636C7E1-B845-4B83-B96D-64A11B8A4515}"
EndProject
Project("{FAE04EC0-301F-11D3-BF4B-00C04F79EFBC}") = "SkinnedModelWindows", "SkinnedModel\SkinnedModelWindows.csproj", "{0D41E29B-829F-4255-BCA5-64DC2677DA6D}"
EndProject
Global
	GlobalSection(SolutionConfigurationPlatforms) = preSolution
		Debug|x86 = Debug|x86
		Debug|Xbox 360 = Debug|Xbox 360
		Release|x86 = Release|x86
		Release|Xbox 360 = Release|Xbox 360
	EndGlobalSection
	GlobalSection(ProjectConfigurationPlatforms) = postSolution
		{39612A71-F871-4C43-A8B5-16F6E29A473A}.Debug|x86.ActiveCfg = Debug|x86
		{39612A71-F871-4C43-A8B5-16F6E29A473A}.Debug|x86.Build.0 = Debug|x86
		{39612A71-F871-4C43-A8B5-16F6E29A473A}.Debug|Xbox 360.ActiveCfg = Debug|x86
		{39612A71-F871-4C43-A8B5-16F6E29A473A}.Release|x86.ActiveCfg = Release|x86
		{39612A71-F871-4C43-A8B5-16F6E29A473A}.Release|x86.Build.0 = Release|x86
		{39612A71-F871-4C43-A8B5-16F6E29A473A}.Release|Xbox 360.ActiveCfg = Release|x86
		{0BFCAA2B-AD66-4815-BA3D-6B8480C0632B}.Debug|x86.ActiveCfg = Debug|x86
		{0BFCAA2B-AD66-4815-BA3D-6B8480C0632B}.Debug|Xbox 360.ActiveCfg = Debug|x86
		{0BFCAA2B-AD66-4815-BA3D-6B8480C0632B}.Release|x86.ActiveCfg = Release|x86
		{0BFCAA2B-AD66-4815-BA3D-6B8480C0632B}.Release|Xbox 360.ActiveCfg = Release|x86
		{4636C7E1-B845-4B83-B96D-64A11B8A4515}.Debug|x86.ActiveCfg = Debug|x86
		{4636C7E1-B845-4B83-B96D-64A11B8A4515}.Debug|x86.Build.0 = Debug|x86
		{4636C7E1-B845-4B83-B96D-64A11B8A4515}.Debug|Xbox 360.ActiveCfg = Debug|x86
		{4636C7E1-B845-4B83-B96D-64A11B8A4515}.Debug|Xbox 360.Build.0 = Debug|x86
		{4636C7E1-B845-4B83-B96D-64A11B8A4515}.Release|x86.ActiveCfg = Debug|x86
		{4636C7E1-B845-4B83-B96D-64A11B8A4515}.Release|x86.Build.0 = Debug|x86
		{4636C7E1-B845-4B83-B96D-64A11B8A4515}.Release|Xbox 360.ActiveCfg = Debug|x86
		{4636C7E1-B845-4B83-B96D-64A11B8A4515}.Release|Xbox 360.Build.0 = Debug|x86
		{0D41E29B-829F-4255-BCA5-64DC2677DA6D}.Debug|x86.ActiveCfg = Debug|x86
		{0D41E29B-829F-4255-BCA5-64DC2677DA6D}.Debug|x86.Build.0 = Debug|x86
		{0D41E29B-829F-4255-BCA5-64DC2677DA6D}.Debug|Xbox 360.ActiveCfg = Debug|Xbox 360
		{0D41E29B-829F-4255-BCA5-64DC2677DA6D}.Debug|Xbox 360.Build.0 = Debug|Xbox 360
		{0D41E29B-829F-4255-BCA5-64DC2677DA6D}.Release|x86.ActiveCfg = Release|x86
		{0D41E29B-829F-4255-BCA5-64DC2677DA6D}.Release|x86.Build.0 = Release|x86
		{0D41E29B-829F-4255-BCA5-64DC2677DA6D}.Release|Xbox 360.ActiveCfg = Release|Xbox 360
		{0D41E29B-829F-4255-BCA5-64DC2677DA6D}.Release|Xbox 360.Build.0 = Release|Xbox 360
	EndGlobalSection
	GlobalSection(SolutionProperties) = preSolution
		HideSolutionNode = FALSE
	EndGlobalSection
EndGlobal
